
Microsoft Visual Studio Solution File, Format Version 12.00
# Visual Studio 15
VisualStudioVersion = 15.0.28307.960
MinimumVisualStudioVersion = 10.0.40219.1
Project("{FAE04EC0-301F-11D3-BF4B-00C04F79EFBC}") = "ParejasCartas-UI", "ParejasCartas-UI\ParejasCartas-UI.csproj", "{D977633F-CD6F-42E9-B558-A89C431C2234}"
EndProject
Project("{FAE04EC0-301F-11D3-BF4B-00C04F79EFBC}") = "ParejasCartas-Entities", "ParejasCartas-Entities\ParejasCartas-Entities.csproj", "{7917BFAB-BD43-44F1-A95A-8FCD274D27A0}"
EndProject
Project("{FAE04EC0-301F-11D3-BF4B-00C04F79EFBC}") = "ParejasCartas-BL", "ParejasCartas-BL\ParejasCartas-BL.csproj", "{6BDFD677-2B22-4FE9-B3CF-BD0197372E57}"
EndProject
Project("{FAE04EC0-301F-11D3-BF4B-00C04F79EFBC}") = "ParejasCartas-DAL", "ParejasCartas-DAL\ParejasCartas-DAL.csproj", "{93FFF0B1-9FF6-48BE-8CE1-286557B9EBBA}"
EndProject
Global
	GlobalSection(SolutionConfigurationPlatforms) = preSolution
		Debug|Any CPU = Debug|Any CPU
		Debug|ARM = Debug|ARM
		Debug|ARM64 = Debug|ARM64
		Debug|x64 = Debug|x64
		Debug|x86 = Debug|x86
		Release|Any CPU = Release|Any CPU
		Release|ARM = Release|ARM
		Release|ARM64 = Release|ARM64
		Release|x64 = Release|x64
		Release|x86 = Release|x86
	EndGlobalSection
	GlobalSection(ProjectConfigurationPlatforms) = postSolution
		{D977633F-CD6F-42E9-B558-A89C431C2234}.Debug|Any CPU.ActiveCfg = Debug|x86
		{D977633F-CD6F-42E9-B558-A89C431C2234}.Debug|ARM.ActiveCfg = Debug|ARM
		{D977633F-CD6F-42E9-B558-A89C431C2234}.Debug|ARM.Build.0 = Debug|ARM
		{D977633F-CD6F-42E9-B558-A89C431C2234}.Debug|ARM.Deploy.0 = Debug|ARM
		{D977633F-CD6F-42E9-B558-A89C431C2234}.Debug|ARM64.ActiveCfg = Debug|ARM64
		{D977633F-CD6F-42E9-B558-A89C431C2234}.Debug|ARM64.Build.0 = Debug|ARM64
		{D977633F-CD6F-42E9-B558-A89C431C2234}.Debug|ARM64.Deploy.0 = Debug|ARM64
		{D977633F-CD6F-42E9-B558-A89C431C2234}.Debug|x64.ActiveCfg = Debug|x64
		{D977633F-CD6F-42E9-B558-A89C431C2234}.Debug|x64.Build.0 = Debug|x64
		{D977633F-CD6F-42E9-B558-A89C431C2234}.Debug|x64.Deploy.0 = Debug|x64
		{D977633F-CD6F-42E9-B558-A89C431C2234}.Debug|x86.ActiveCfg = Debug|x86
		{D977633F-CD6F-42E9-B558-A89C431C2234}.Debug|x86.Build.0 = Debug|x86
		{D977633F-CD6F-42E9-B558-A89C431C2234}.Debug|x86.Deploy.0 = Debug|x86
		{D977633F-CD6F-42E9-B558-A89C431C2234}.Release|Any CPU.ActiveCfg = Release|x86
		{D977633F-CD6F-42E9-B558-A89C431C2234}.Release|ARM.ActiveCfg = Release|ARM
		{D977633F-CD6F-42E9-B558-A89C431C2234}.Release|ARM.Build.0 = Release|ARM
		{D977633F-CD6F-42E9-B558-A89C431C2234}.Release|ARM.Deploy.0 = Release|ARM
		{D977633F-CD6F-42E9-B558-A89C431C2234}.Release|ARM64.ActiveCfg = Release|ARM64
		{D977633F-CD6F-42E9-B558-A89C431C2234}.Release|ARM64.Build.0 = Release|ARM64
		{D977633F-CD6F-42E9-B558-A89C431C2234}.Release|ARM64.Deploy.0 = Release|ARM64
		{D977633F-CD6F-42E9-B558-A89C431C2234}.Release|x64.ActiveCfg = Release|x64
		{D977633F-CD6F-42E9-B558-A89C431C2234}.Release|x64.Build.0 = Release|x64
		{D977633F-CD6F-42E9-B558-A89C431C2234}.Release|x64.Deploy.0 = Release|x64
		{D977633F-CD6F-42E9-B558-A89C431C2234}.Release|x86.ActiveCfg = Release|x86
		{D977633F-CD6F-42E9-B558-A89C431C2234}.Release|x86.Build.0 = Release|x86
		{D977633F-CD6F-42E9-B558-A89C431C2234}.Release|x86.Deploy.0 = Release|x86
		{7917BFAB-BD43-44F1-A95A-8FCD274D27A0}.Debug|Any CPU.ActiveCfg = Debug|Any CPU
		{7917BFAB-BD43-44F1-A95A-8FCD274D27A0}.Debug|Any CPU.Build.0 = Debug|Any CPU
		{7917BFAB-BD43-44F1-A95A-8FCD274D27A0}.Debug|ARM.ActiveCfg = Debug|ARM
		{7917BFAB-BD43-44F1-A95A-8FCD274D27A0}.Debug|ARM.Build.0 = Debug|ARM
		{7917BFAB-BD43-44F1-A95A-8FCD274D27A0}.Debug|ARM64.ActiveCfg = Debug|ARM64
		{7917BFAB-BD43-44F1-A95A-8FCD274D27A0}.Debug|ARM64.Build.0 = Debug|ARM64
		{7917BFAB-BD43-44F1-A95A-8FCD274D27A0}.Debug|x64.ActiveCfg = Debug|x64
		{7917BFAB-BD43-44F1-A95A-8FCD274D27A0}.Debug|x64.Build.0 = Debug|x64
		{7917BFAB-BD43-44F1-A95A-8FCD274D27A0}.Debug|x86.ActiveCfg = Debug|x86
		{7917BFAB-BD43-44F1-A95A-8FCD274D27A0}.Debug|x86.Build.0 = Debug|x86
		{7917BFAB-BD43-44F1-A95A-8FCD274D27A0}.Release|Any CPU.ActiveCfg = Release|Any CPU
		{7917BFAB-BD43-44F1-A95A-8FCD274D27A0}.Release|Any CPU.Build.0 = Release|Any CPU
		{7917BFAB-BD43-44F1-A95A-8FCD274D27A0}.Release|ARM.ActiveCfg = Release|ARM
		{7917BFAB-BD43-44F1-A95A-8FCD274D27A0}.Release|ARM.Build.0 = Release|ARM
		{7917BFAB-BD43-44F1-A95A-8FCD274D27A0}.Release|ARM64.ActiveCfg = Release|ARM64
		{7917BFAB-BD43-44F1-A95A-8FCD274D27A0}.Release|ARM64.Build.0 = Release|ARM64
		{7917BFAB-BD43-44F1-A95A-8FCD274D27A0}.Release|x64.ActiveCfg = Release|x64
		{7917BFAB-BD43-44F1-A95A-8FCD274D27A0}.Release|x64.Build.0 = Release|x64
		{7917BFAB-BD43-44F1-A95A-8FCD274D27A0}.Release|x86.ActiveCfg = Release|x86
		{7917BFAB-BD43-44F1-A95A-8FCD274D27A0}.Release|x86.Build.0 = Release|x86
		{6BDFD677-2B22-4FE9-B3CF-BD0197372E57}.Debug|Any CPU.ActiveCfg = Debug|Any CPU
		{6BDFD677-2B22-4FE9-B3CF-BD0197372E57}.Debug|Any CPU.Build.0 = Debug|Any CPU
		{6BDFD677-2B22-4FE9-B3CF-BD0197372E57}.Debug|ARM.ActiveCfg = Debug|ARM
		{6BDFD677-2B22-4FE9-B3CF-BD0197372E57}.Debug|ARM.Build.0 = Debug|ARM
		{6BDFD677-2B22-4FE9-B3CF-BD0197372E57}.Debug|ARM64.ActiveCfg = Debug|ARM64
		{6BDFD677-2B22-4FE9-B3CF-BD0197372E57}.Debug|ARM64.Build.0 = Debug|ARM64
		{6BDFD677-2B22-4FE9-B3CF-BD0197372E57}.Debug|x64.ActiveCfg = Debug|x64
		{6BDFD677-2B22-4FE9-B3CF-BD0197372E57}.Debug|x64.Build.0 = Debug|x64
		{6BDFD677-2B22-4FE9-B3CF-BD0197372E57}.Debug|x86.ActiveCfg = Debug|x86
		{6BDFD677-2B22-4FE9-B3CF-BD0197372E57}.Debug|x86.Build.0 = Debug|x86
		{6BDFD677-2B22-4FE9-B3CF-BD0197372E57}.Release|Any CPU.ActiveCfg = Release|Any CPU
		{6BDFD677-2B22-4FE9-B3CF-BD0197372E57}.Release|Any CPU.Build.0 = Release|Any CPU
		{6BDFD677-2B22-4FE9-B3CF-BD0197372E57}.Release|ARM.ActiveCfg = Release|ARM
		{6BDFD677-2B22-4FE9-B3CF-BD0197372E57}.Release|ARM.Build.0 = Release|ARM
		{6BDFD677-2B22-4FE9-B3CF-BD0197372E57}.Release|ARM64.ActiveCfg = Release|ARM64
		{6BDFD677-2B22-4FE9-B3CF-BD0197372E57}.Release|ARM64.Build.0 = Release|ARM64
		{6BDFD677-2B22-4FE9-B3CF-BD0197372E57}.Release|x64.ActiveCfg = Release|x64
		{6BDFD677-2B22-4FE9-B3CF-BD0197372E57}.Release|x64.Build.0 = Release|x64
		{6BDFD677-2B22-4FE9-B3CF-BD0197372E57}.Release|x86.ActiveCfg = Release|x86
		{6BDFD677-2B22-4FE9-B3CF-BD0197372E57}.Release|x86.Build.0 = Release|x86
		{93FFF0B1-9FF6-48BE-8CE1-286557B9EBBA}.Debug|Any CPU.ActiveCfg = Debug|Any CPU
		{93FFF0B1-9FF6-48BE-8CE1-286557B9EBBA}.Debug|Any CPU.Build.0 = Debug|Any CPU
		{93FFF0B1-9FF6-48BE-8CE1-286557B9EBBA}.Debug|ARM.ActiveCfg = Debug|ARM
		{93FFF0B1-9FF6-48BE-8CE1-286557B9EBBA}.Debug|ARM.Build.0 = Debug|ARM
		{93FFF0B1-9FF6-48BE-8CE1-286557B9EBBA}.Debug|ARM64.ActiveCfg = Debug|ARM64
		{93FFF0B1-9FF6-48BE-8CE1-286557B9EBBA}.Debug|ARM64.Build.0 = Debug|ARM64
		{93FFF0B1-9FF6-48BE-8CE1-286557B9EBBA}.Debug|x64.ActiveCfg = Debug|x64
		{93FFF0B1-9FF6-48BE-8CE1-286557B9EBBA}.Debug|x64.Build.0 = Debug|x64
		{93FFF0B1-9FF6-48BE-8CE1-286557B9EBBA}.Debug|x86.ActiveCfg = Debug|x86
		{93FFF0B1-9FF6-48BE-8CE1-286557B9EBBA}.Debug|x86.Build.0 = Debug|x86
		{93FFF0B1-9FF6-48BE-8CE1-286557B9EBBA}.Release|Any CPU.ActiveCfg = Release|Any CPU
		{93FFF0B1-9FF6-48BE-8CE1-286557B9EBBA}.Release|Any CPU.Build.0 = Release|Any CPU
		{93FFF0B1-9FF6-48BE-8CE1-286557B9EBBA}.Release|ARM.ActiveCfg = Release|ARM
		{93FFF0B1-9FF6-48BE-8CE1-286557B9EBBA}.Release|ARM.Build.0 = Release|ARM
		{93FFF0B1-9FF6-48BE-8CE1-286557B9EBBA}.Release|ARM64.ActiveCfg = Release|ARM64
		{93FFF0B1-9FF6-48BE-8CE1-286557B9EBBA}.Release|ARM64.Build.0 = Release|ARM64
		{93FFF0B1-9FF6-48BE-8CE1-286557B9EBBA}.Release|x64.ActiveCfg = Release|x64
		{93FFF0B1-9FF6-48BE-8CE1-286557B9EBBA}.Release|x64.Build.0 = Release|x64
		{93FFF0B1-9FF6-48BE-8CE1-286557B9EBBA}.Release|x86.ActiveCfg = Release|x86
		{93FFF0B1-9FF6-48BE-8CE1-286557B9EBBA}.Release|x86.Build.0 = Release|x86
	EndGlobalSection
	GlobalSection(SolutionProperties) = preSolution
		HideSolutionNode = FALSE
	EndGlobalSection
	GlobalSection(ExtensibilityGlobals) = postSolution
		SolutionGuid = {AE8F9BD2-BE52-488B-9AD3-1FD0DB2876BD}
	EndGlobalSection
EndGlobal
